
Microsoft Visual Studio Solution File, Format Version 12.00
# Visual Studio Version 17
VisualStudioVersion = 17.0.32112.339
MinimumVisualStudioVersion = 10.0.40219.1
Project("{FAE04EC0-301F-11D3-BF4B-00C04F79EFBC}") = "TodoApi", "TodoApi\TodoApi.csproj", "{BDBA325D-224F-43AE-9E90-4572EBFC8425}"
EndProject
Global
	GlobalSection(SolutionConfigurationPlatforms) = preSolution
		Debug|Any CPU = Debug|Any CPU
		Release|Any CPU = Release|Any CPU
	EndGlobalSection
	GlobalSection(ProjectConfigurationPlatforms) = postSolution
		{BDBA325D-224F-43AE-9E90-4572EBFC8425}.Debug|Any CPU.ActiveCfg = Debug|Any CPU
		{BDBA325D-224F-43AE-9E90-4572EBFC8425}.Debug|Any CPU.Build.0 = Debug|Any CPU
		{BDBA325D-224F-43AE-9E90-4572EBFC8425}.Release|Any CPU.ActiveCfg = Release|Any CPU
		{BDBA325D-224F-43AE-9E90-4572EBFC8425}.Release|Any CPU.Build.0 = Release|Any CPU
	EndGlobalSection
	GlobalSection(SolutionProperties) = preSolution
		HideSolutionNode = FALSE
	EndGlobalSection
	GlobalSection(ExtensibilityGlobals) = postSolution
		SolutionGuid = {7A0876B7-6581-4BD8-A7ED-0B42D26E0045}
	EndGlobalSection
EndGlobal
